// !$*UTF8*$!
{
	archiveVersion = 1;
	classes = {
	};
	objectVersion = 46;
	objects = {

/* Begin PBXBuildFile section */
		25494677184A547B00BDC380 /* ABTileViewController.m in Sources */ = {isa = PBXBuildFile; fileRef = 25494676184A547B00BDC380 /* ABTileViewController.m */; };
		2549467A184A659600BDC380 /* ABDiskCache.m in Sources */ = {isa = PBXBuildFile; fileRef = 25494679184A659600BDC380 /* ABDiskCache.m */; };
		2549467D184A711600BDC380 /* UIImage+DecompressAndMap.m in Sources */ = {isa = PBXBuildFile; fileRef = 2549467C184A711600BDC380 /* UIImage+DecompressAndMap.m */; };
		2549467F184A7E1F00BDC380 /* ImageIO.framework in Frameworks */ = {isa = PBXBuildFile; fileRef = 2549467E184A7E1F00BDC380 /* ImageIO.framework */; };
		25B424871846542B004D606E /* Foundation.framework in Frameworks */ = {isa = PBXBuildFile; fileRef = 25B424861846542B004D606E /* Foundation.framework */; };
		25B424891846542B004D606E /* CoreGraphics.framework in Frameworks */ = {isa = PBXBuildFile; fileRef = 25B424881846542B004D606E /* CoreGraphics.framework */; };
		25B4248B1846542B004D606E /* UIKit.framework in Frameworks */ = {isa = PBXBuildFile; fileRef = 25B4248A1846542B004D606E /* UIKit.framework */; };
		25B424911846542B004D606E /* InfoPlist.strings in Resources */ = {isa = PBXBuildFile; fileRef = 25B4248F1846542B004D606E /* InfoPlist.strings */; };
		25B424931846542B004D606E /* main.m in Sources */ = {isa = PBXBuildFile; fileRef = 25B424921846542B004D606E /* main.m */; };
		25B424971846542B004D606E /* ABAppDelegate.m in Sources */ = {isa = PBXBuildFile; fileRef = 25B424961846542B004D606E /* ABAppDelegate.m */; };
		25B424991846542B004D606E /* Images.xcassets in Resources */ = {isa = PBXBuildFile; fileRef = 25B424981846542B004D606E /* Images.xcassets */; };
		25B424A01846542B004D606E /* XCTest.framework in Frameworks */ = {isa = PBXBuildFile; fileRef = 25B4249F1846542B004D606E /* XCTest.framework */; };
		25B424A11846542B004D606E /* Foundation.framework in Frameworks */ = {isa = PBXBuildFile; fileRef = 25B424861846542B004D606E /* Foundation.framework */; };
		25B424A21846542B004D606E /* UIKit.framework in Frameworks */ = {isa = PBXBuildFile; fileRef = 25B4248A1846542B004D606E /* UIKit.framework */; };
		25B424AA1846542B004D606E /* InfoPlist.strings in Resources */ = {isa = PBXBuildFile; fileRef = 25B424A81846542B004D606E /* InfoPlist.strings */; };
		25B424AC1846542B004D606E /* DailyPhotoTests.m in Sources */ = {isa = PBXBuildFile; fileRef = 25B424AB1846542B004D606E /* DailyPhotoTests.m */; };
		25B424B718465AF2004D606E /* NSXMLParser+Laconic.m in Sources */ = {isa = PBXBuildFile; fileRef = 25B424B618465AF2004D606E /* NSXMLParser+Laconic.m */; };
		25FA8A1A184B97C700A864BB /* ABBetterNavigationController.m in Sources */ = {isa = PBXBuildFile; fileRef = 25FA8A19184B97C700A864BB /* ABBetterNavigationController.m */; };
		25FA8A1D184BA1AC00A864BB /* ABPhotoViewController.m in Sources */ = {isa = PBXBuildFile; fileRef = 25FA8A1C184BA1AC00A864BB /* ABPhotoViewController.m */; };
/* End PBXBuildFile section */

/* Begin PBXContainerItemProxy section */
		25B424A31846542B004D606E /* PBXContainerItemProxy */ = {
			isa = PBXContainerItemProxy;
			containerPortal = 25B4247B1846542B004D606E /* Project object */;
			proxyType = 1;
			remoteGlobalIDString = 25B424821846542B004D606E;
			remoteInfo = DailyPhoto;
		};
/* End PBXContainerItemProxy section */

/* Begin PBXFileReference section */
		25494675184A547B00BDC380 /* ABTileViewController.h */ = {isa = PBXFileReference; fileEncoding = 4; lastKnownFileType = sourcecode.c.h; path = ABTileViewController.h; sourceTree = "<group>"; };
		25494676184A547B00BDC380 /* ABTileViewController.m */ = {isa = PBXFileReference; fileEncoding = 4; lastKnownFileType = sourcecode.c.objc; path = ABTileViewController.m; sourceTree = "<group>"; };
		25494678184A659600BDC380 /* ABDiskCache.h */ = {isa = PBXFileReference; fileEncoding = 4; lastKnownFileType = sourcecode.c.h; path = ABDiskCache.h; sourceTree = "<group>"; };
		25494679184A659600BDC380 /* ABDiskCache.m */ = {isa = PBXFileReference; fileEncoding = 4; lastKnownFileType = sourcecode.c.objc; path = ABDiskCache.m; sourceTree = "<group>"; };
		2549467B184A711600BDC380 /* UIImage+DecompressAndMap.h */ = {isa = PBXFileReference; fileEncoding = 4; lastKnownFileType = sourcecode.c.h; path = "UIImage+DecompressAndMap.h"; sourceTree = "<group>"; };
		2549467C184A711600BDC380 /* UIImage+DecompressAndMap.m */ = {isa = PBXFileReference; fileEncoding = 4; lastKnownFileType = sourcecode.c.objc; path = "UIImage+DecompressAndMap.m"; sourceTree = "<group>"; };
		2549467E184A7E1F00BDC380 /* ImageIO.framework */ = {isa = PBXFileReference; lastKnownFileType = wrapper.framework; name = ImageIO.framework; path = System/Library/Frameworks/ImageIO.framework; sourceTree = SDKROOT; };
		25B424831846542B004D606E /* DailyPhoto.app */ = {isa = PBXFileReference; explicitFileType = wrapper.application; includeInIndex = 0; path = DailyPhoto.app; sourceTree = BUILT_PRODUCTS_DIR; };
		25B424861846542B004D606E /* Foundation.framework */ = {isa = PBXFileReference; lastKnownFileType = wrapper.framework; name = Foundation.framework; path = System/Library/Frameworks/Foundation.framework; sourceTree = SDKROOT; };
		25B424881846542B004D606E /* CoreGraphics.framework */ = {isa = PBXFileReference; lastKnownFileType = wrapper.framework; name = CoreGraphics.framework; path = System/Library/Frameworks/CoreGraphics.framework; sourceTree = SDKROOT; };
		25B4248A1846542B004D606E /* UIKit.framework */ = {isa = PBXFileReference; lastKnownFileType = wrapper.framework; name = UIKit.framework; path = System/Library/Frameworks/UIKit.framework; sourceTree = SDKROOT; };
		25B4248E1846542B004D606E /* DailyPhoto-Info.plist */ = {isa = PBXFileReference; lastKnownFileType = text.plist.xml; path = "DailyPhoto-Info.plist"; sourceTree = "<group>"; };
		25B424901846542B004D606E /* en */ = {isa = PBXFileReference; lastKnownFileType = text.plist.strings; name = en; path = en.lproj/InfoPlist.strings; sourceTree = "<group>"; };
		25B424921846542B004D606E /* main.m */ = {isa = PBXFileReference; lastKnownFileType = sourcecode.c.objc; path = main.m; sourceTree = "<group>"; };
		25B424941846542B004D606E /* DailyPhoto-Prefix.pch */ = {isa = PBXFileReference; lastKnownFileType = sourcecode.c.h; path = "DailyPhoto-Prefix.pch"; sourceTree = "<group>"; };
		25B424951846542B004D606E /* ABAppDelegate.h */ = {isa = PBXFileReference; lastKnownFileType = sourcecode.c.h; path = ABAppDelegate.h; sourceTree = "<group>"; };
		25B424961846542B004D606E /* ABAppDelegate.m */ = {isa = PBXFileReference; lastKnownFileType = sourcecode.c.objc; path = ABAppDelegate.m; sourceTree = "<group>"; };
		25B424981846542B004D606E /* Images.xcassets */ = {isa = PBXFileReference; lastKnownFileType = folder.assetcatalog; path = Images.xcassets; sourceTree = "<group>"; };
		25B4249E1846542B004D606E /* DailyPhotoTests.xctest */ = {isa = PBXFileReference; explicitFileType = wrapper.cfbundle; includeInIndex = 0; path = DailyPhotoTests.xctest; sourceTree = BUILT_PRODUCTS_DIR; };
		25B4249F1846542B004D606E /* XCTest.framework */ = {isa = PBXFileReference; lastKnownFileType = wrapper.framework; name = XCTest.framework; path = Library/Frameworks/XCTest.framework; sourceTree = DEVELOPER_DIR; };
		25B424A71846542B004D606E /* DailyPhotoTests-Info.plist */ = {isa = PBXFileReference; lastKnownFileType = text.plist.xml; path = "DailyPhotoTests-Info.plist"; sourceTree = "<group>"; };
		25B424A91846542B004D606E /* en */ = {isa = PBXFileReference; lastKnownFileType = text.plist.strings; name = en; path = en.lproj/InfoPlist.strings; sourceTree = "<group>"; };
		25B424AB1846542B004D606E /* DailyPhotoTests.m */ = {isa = PBXFileReference; lastKnownFileType = sourcecode.c.objc; path = DailyPhotoTests.m; sourceTree = "<group>"; };
		25B424B518465AF2004D606E /* NSXMLParser+Laconic.h */ = {isa = PBXFileReference; fileEncoding = 4; lastKnownFileType = sourcecode.c.h; path = "NSXMLParser+Laconic.h"; sourceTree = "<group>"; };
		25B424B618465AF2004D606E /* NSXMLParser+Laconic.m */ = {isa = PBXFileReference; fileEncoding = 4; lastKnownFileType = sourcecode.c.objc; path = "NSXMLParser+Laconic.m"; sourceTree = "<group>"; };
		25FA8A18184B97C700A864BB /* ABBetterNavigationController.h */ = {isa = PBXFileReference; fileEncoding = 4; lastKnownFileType = sourcecode.c.h; path = ABBetterNavigationController.h; sourceTree = "<group>"; };
		25FA8A19184B97C700A864BB /* ABBetterNavigationController.m */ = {isa = PBXFileReference; fileEncoding = 4; lastKnownFileType = sourcecode.c.objc; path = ABBetterNavigationController.m; sourceTree = "<group>"; };
		25FA8A1B184BA1AC00A864BB /* ABPhotoViewController.h */ = {isa = PBXFileReference; fileEncoding = 4; lastKnownFileType = sourcecode.c.h; path = ABPhotoViewController.h; sourceTree = "<group>"; };
		25FA8A1C184BA1AC00A864BB /* ABPhotoViewController.m */ = {isa = PBXFileReference; fileEncoding = 4; lastKnownFileType = sourcecode.c.objc; path = ABPhotoViewController.m; sourceTree = "<group>"; };
/* End PBXFileReference section */

/* Begin PBXFrameworksBuildPhase section */
		25B424801846542B004D606E /* Frameworks */ = {
			isa = PBXFrameworksBuildPhase;
			buildActionMask = 2147483647;
			files = (
				2549467F184A7E1F00BDC380 /* ImageIO.framework in Frameworks */,
				25B424891846542B004D606E /* CoreGraphics.framework in Frameworks */,
				25B4248B1846542B004D606E /* UIKit.framework in Frameworks */,
				25B424871846542B004D606E /* Foundation.framework in Frameworks */,
			);
			runOnlyForDeploymentPostprocessing = 0;
		};
		25B4249B1846542B004D606E /* Frameworks */ = {
			isa = PBXFrameworksBuildPhase;
			buildActionMask = 2147483647;
			files = (
				25B424A01846542B004D606E /* XCTest.framework in Frameworks */,
				25B424A21846542B004D606E /* UIKit.framework in Frameworks */,
				25B424A11846542B004D606E /* Foundation.framework in Frameworks */,
			);
			runOnlyForDeploymentPostprocessing = 0;
		};
/* End PBXFrameworksBuildPhase section */

/* Begin PBXGroup section */
		25B4247A1846542B004D606E = {
			isa = PBXGroup;
			children = (
				25B4248C1846542B004D606E /* DailyPhoto */,
				25B424A51846542B004D606E /* DailyPhotoTests */,
				25B424851846542B004D606E /* Frameworks */,
				25B424841846542B004D606E /* Products */,
			);
			sourceTree = "<group>";
		};
		25B424841846542B004D606E /* Products */ = {
			isa = PBXGroup;
			children = (
				25B424831846542B004D606E /* DailyPhoto.app */,
				25B4249E1846542B004D606E /* DailyPhotoTests.xctest */,
			);
			name = Products;
			sourceTree = "<group>";
		};
		25B424851846542B004D606E /* Frameworks */ = {
			isa = PBXGroup;
			children = (
				2549467E184A7E1F00BDC380 /* ImageIO.framework */,
				25B424861846542B004D606E /* Foundation.framework */,
				25B424881846542B004D606E /* CoreGraphics.framework */,
				25B4248A1846542B004D606E /* UIKit.framework */,
				25B4249F1846542B004D606E /* XCTest.framework */,
			);
			name = Frameworks;
			sourceTree = "<group>";
		};
		25B4248C1846542B004D606E /* DailyPhoto */ = {
			isa = PBXGroup;
			children = (
				25FA8A1E184BA1B300A864BB /* Reusable */,
				25B424951846542B004D606E /* ABAppDelegate.h */,
				25B424961846542B004D606E /* ABAppDelegate.m */,
				25B424981846542B004D606E /* Images.xcassets */,
				25B4248D1846542B004D606E /* Supporting Files */,
				25494675184A547B00BDC380 /* ABTileViewController.h */,
				25494676184A547B00BDC380 /* ABTileViewController.m */,
				25FA8A1B184BA1AC00A864BB /* ABPhotoViewController.h */,
				25FA8A1C184BA1AC00A864BB /* ABPhotoViewController.m */,
			);
			path = DailyPhoto;
			sourceTree = "<group>";
		};
		25B4248D1846542B004D606E /* Supporting Files */ = {
			isa = PBXGroup;
			children = (
				25B4248E1846542B004D606E /* DailyPhoto-Info.plist */,
				25B4248F1846542B004D606E /* InfoPlist.strings */,
				25B424921846542B004D606E /* main.m */,
				25B424941846542B004D606E /* DailyPhoto-Prefix.pch */,
			);
			name = "Supporting Files";
			sourceTree = "<group>";
		};
		25B424A51846542B004D606E /* DailyPhotoTests */ = {
			isa = PBXGroup;
			children = (
				25B424AB1846542B004D606E /* DailyPhotoTests.m */,
				25B424A61846542B004D606E /* Supporting Files */,
			);
			path = DailyPhotoTests;
			sourceTree = "<group>";
		};
		25B424A61846542B004D606E /* Supporting Files */ = {
			isa = PBXGroup;
			children = (
				25B424A71846542B004D606E /* DailyPhotoTests-Info.plist */,
				25B424A81846542B004D606E /* InfoPlist.strings */,
			);
			name = "Supporting Files";
			sourceTree = "<group>";
		};
		25FA8A1E184BA1B300A864BB /* Reusable */ = {
			isa = PBXGroup;
			children = (
				25FA8A18184B97C700A864BB /* ABBetterNavigationController.h */,
				25FA8A19184B97C700A864BB /* ABBetterNavigationController.m */,
				25494678184A659600BDC380 /* ABDiskCache.h */,
				25494679184A659600BDC380 /* ABDiskCache.m */,
				25B424B518465AF2004D606E /* NSXMLParser+Laconic.h */,
				25B424B618465AF2004D606E /* NSXMLParser+Laconic.m */,
				2549467B184A711600BDC380 /* UIImage+DecompressAndMap.h */,
				2549467C184A711600BDC380 /* UIImage+DecompressAndMap.m */,
			);
			name = Reusable;
			sourceTree = "<group>";
		};
/* End PBXGroup section */

/* Begin PBXNativeTarget section */
		25B424821846542B004D606E /* DailyPhoto */ = {
			isa = PBXNativeTarget;
			buildConfigurationList = 25B424AF1846542B004D606E /* Build configuration list for PBXNativeTarget "DailyPhoto" */;
			buildPhases = (
				25B4247F1846542B004D606E /* Sources */,
				25B424801846542B004D606E /* Frameworks */,
				25B424811846542B004D606E /* Resources */,
			);
			buildRules = (
			);
			dependencies = (
			);
			name = DailyPhoto;
			productName = DailyPhoto;
			productReference = 25B424831846542B004D606E /* DailyPhoto.app */;
			productType = "com.apple.product-type.application";
		};
		25B4249D1846542B004D606E /* DailyPhotoTests */ = {
			isa = PBXNativeTarget;
			buildConfigurationList = 25B424B21846542B004D606E /* Build configuration list for PBXNativeTarget "DailyPhotoTests" */;
			buildPhases = (
				25B4249A1846542B004D606E /* Sources */,
				25B4249B1846542B004D606E /* Frameworks */,
				25B4249C1846542B004D606E /* Resources */,
			);
			buildRules = (
			);
			dependencies = (
				25B424A41846542B004D606E /* PBXTargetDependency */,
			);
			name = DailyPhotoTests;
			productName = DailyPhotoTests;
			productReference = 25B4249E1846542B004D606E /* DailyPhotoTests.xctest */;
			productType = "com.apple.product-type.bundle.unit-test";
		};
/* End PBXNativeTarget section */

/* Begin PBXProject section */
		25B4247B1846542B004D606E /* Project object */ = {
			isa = PBXProject;
			attributes = {
				CLASSPREFIX = AB;
				LastUpgradeCheck = 0500;
				ORGANIZATIONNAME = "Codeless Solution";
				TargetAttributes = {
					25B424821846542B004D606E = {
						DevelopmentTeam = U9FF7SJK5F;
					};
					25B4249D1846542B004D606E = {
						TestTargetID = 25B424821846542B004D606E;
					};
				};
			};
			buildConfigurationList = 25B4247E1846542B004D606E /* Build configuration list for PBXProject "DailyPhoto" */;
			compatibilityVersion = "Xcode 3.2";
			developmentRegion = English;
			hasScannedForEncodings = 0;
			knownRegions = (
				en,
			);
			mainGroup = 25B4247A1846542B004D606E;
			productRefGroup = 25B424841846542B004D606E /* Products */;
			projectDirPath = "";
			projectRoot = "";
			targets = (
				25B424821846542B004D606E /* DailyPhoto */,
				25B4249D1846542B004D606E /* DailyPhotoTests */,
			);
		};
/* End PBXProject section */

/* Begin PBXResourcesBuildPhase section */
		25B424811846542B004D606E /* Resources */ = {
			isa = PBXResourcesBuildPhase;
			buildActionMask = 2147483647;
			files = (
				25B424911846542B004D606E /* InfoPlist.strings in Resources */,
				25B424991846542B004D606E /* Images.xcassets in Resources */,
			);
			runOnlyForDeploymentPostprocessing = 0;
		};
		25B4249C1846542B004D606E /* Resources */ = {
			isa = PBXResourcesBuildPhase;
			buildActionMask = 2147483647;
			files = (
				25B424AA1846542B004D606E /* InfoPlist.strings in Resources */,
			);
			runOnlyForDeploymentPostprocessing = 0;
		};
/* End PBXResourcesBuildPhase section */

/* Begin PBXSourcesBuildPhase section */
		25B4247F1846542B004D606E /* Sources */ = {
			isa = PBXSourcesBuildPhase;
			buildActionMask = 2147483647;
			files = (
				25B424931846542B004D606E /* main.m in Sources */,
				25494677184A547B00BDC380 /* ABTileViewController.m in Sources */,
				25B424971846542B004D606E /* ABAppDelegate.m in Sources */,
				25FA8A1A184B97C700A864BB /* ABBetterNavigationController.m in Sources */,
				2549467D184A711600BDC380 /* UIImage+DecompressAndMap.m in Sources */,
				2549467A184A659600BDC380 /* ABDiskCache.m in Sources */,
				25FA8A1D184BA1AC00A864BB /* ABPhotoViewController.m in Sources */,
				25B424B718465AF2004D606E /* NSXMLParser+Laconic.m in Sources */,
			);
			runOnlyForDeploymentPostprocessing = 0;
		};
		25B4249A1846542B004D606E /* Sources */ = {
			isa = PBXSourcesBuildPhase;
			buildActionMask = 2147483647;
			files = (
				25B424AC1846542B004D606E /* DailyPhotoTests.m in Sources */,
			);
			runOnlyForDeploymentPostprocessing = 0;
		};
/* End PBXSourcesBuildPhase section */

/* Begin PBXTargetDependency section */
		25B424A41846542B004D606E /* PBXTargetDependency */ = {
			isa = PBXTargetDependency;
			target = 25B424821846542B004D606E /* DailyPhoto */;
			targetProxy = 25B424A31846542B004D606E /* PBXContainerItemProxy */;
		};
/* End PBXTargetDependency section */

/* Begin PBXVariantGroup section */
		25B4248F1846542B004D606E /* InfoPlist.strings */ = {
			isa = PBXVariantGroup;
			children = (
				25B424901846542B004D606E /* en */,
			);
			name = InfoPlist.strings;
			sourceTree = "<group>";
		};
		25B424A81846542B004D606E /* InfoPlist.strings */ = {
			isa = PBXVariantGroup;
			children = (
				25B424A91846542B004D606E /* en */,
			);
			name = InfoPlist.strings;
			sourceTree = "<group>";
		};
/* End PBXVariantGroup section */

/* Begin XCBuildConfiguration section */
		25B424AD1846542B004D606E /* Debug */ = {
			isa = XCBuildConfiguration;
			buildSettings = {
				ALWAYS_SEARCH_USER_PATHS = NO;
				ARCHS = "$(ARCHS_STANDARD_INCLUDING_64_BIT)";
				CLANG_CXX_LANGUAGE_STANDARD = "gnu++0x";
				CLANG_CXX_LIBRARY = "libc++";
				CLANG_ENABLE_MODULES = YES;
				CLANG_ENABLE_OBJC_ARC = YES;
				CLANG_WARN_BOOL_CONVERSION = YES;
				CLANG_WARN_CONSTANT_CONVERSION = YES;
				CLANG_WARN_DIRECT_OBJC_ISA_USAGE = YES_ERROR;
				CLANG_WARN_EMPTY_BODY = YES;
				CLANG_WARN_ENUM_CONVERSION = YES;
				CLANG_WARN_INT_CONVERSION = YES;
				CLANG_WARN_OBJC_ROOT_CLASS = YES_ERROR;
				CLANG_WARN__DUPLICATE_METHOD_MATCH = YES;
				"CODE_SIGN_IDENTITY[sdk=iphoneos*]" = "iPhone Developer";
				COPY_PHASE_STRIP = NO;
				GCC_C_LANGUAGE_STANDARD = gnu99;
				GCC_DYNAMIC_NO_PIC = NO;
				GCC_OPTIMIZATION_LEVEL = 0;
				GCC_PREPROCESSOR_DEFINITIONS = (
					"DEBUG=1",
					"$(inherited)",
				);
				GCC_SYMBOLS_PRIVATE_EXTERN = NO;
				GCC_WARN_64_TO_32_BIT_CONVERSION = YES;
				GCC_WARN_ABOUT_RETURN_TYPE = YES_ERROR;
				GCC_WARN_UNDECLARED_SELECTOR = YES;
				GCC_WARN_UNINITIALIZED_AUTOS = YES;
				GCC_WARN_UNUSED_FUNCTION = YES;
				GCC_WARN_UNUSED_VARIABLE = YES;
				IPHONEOS_DEPLOYMENT_TARGET = 6.0;
				ONLY_ACTIVE_ARCH = YES;
				SDKROOT = iphoneos;
			};
			name = Debug;
		};
		25B424AE1846542B004D606E /* Release */ = {
			isa = XCBuildConfiguration;
			buildSettings = {
				ALWAYS_SEARCH_USER_PATHS = NO;
				ARCHS = "$(ARCHS_STANDARD_INCLUDING_64_BIT)";
				CLANG_CXX_LANGUAGE_STANDARD = "gnu++0x";
				CLANG_CXX_LIBRARY = "libc++";
				CLANG_ENABLE_MODULES = YES;
				CLANG_ENABLE_OBJC_ARC = YES;
				CLANG_WARN_BOOL_CONVERSION = YES;
				CLANG_WARN_CONSTANT_CONVERSION = YES;
				CLANG_WARN_DIRECT_OBJC_ISA_USAGE = YES_ERROR;
				CLANG_WARN_EMPTY_BODY = YES;
				CLANG_WARN_ENUM_CONVERSION = YES;
				CLANG_WARN_INT_CONVERSION = YES;
				CLANG_WARN_OBJC_ROOT_CLASS = YES_ERROR;
				CLANG_WARN__DUPLICATE_METHOD_MATCH = YES;
				"CODE_SIGN_IDENTITY[sdk=iphoneos*]" = "iPhone Developer";
				COPY_PHASE_STRIP = YES;
				ENABLE_NS_ASSERTIONS = NO;
				GCC_C_LANGUAGE_STANDARD = gnu99;
				GCC_WARN_64_TO_32_BIT_CONVERSION = YES;
				GCC_WARN_ABOUT_RETURN_TYPE = YES_ERROR;
				GCC_WARN_UNDECLARED_SELECTOR = YES;
				GCC_WARN_UNINITIALIZED_AUTOS = YES;
				GCC_WARN_UNUSED_FUNCTION = YES;
				GCC_WARN_UNUSED_VARIABLE = YES;
				IPHONEOS_DEPLOYMENT_TARGET = 6.0;
				SDKROOT = iphoneos;
				VALIDATE_PRODUCT = YES;
			};
			name = Release;
		};
		25B424B01846542B004D606E /* Debug */ = {
			isa = XCBuildConfiguration;
			buildSettings = {
				ASSETCATALOG_COMPILER_APPICON_NAME = AppIcon;
				ASSETCATALOG_COMPILER_LAUNCHIMAGE_NAME = LaunchImage;
				CODE_SIGN_IDENTITY = "iPhone Developer";
				GCC_PRECOMPILE_PREFIX_HEADER = YES;
				GCC_PREFIX_HEADER = "DailyPhoto/DailyPhoto-Prefix.pch";
				INFOPLIST_FILE = "DailyPhoto/DailyPhoto-Info.plist";
				IPHONEOS_DEPLOYMENT_TARGET = 6.0;
				PRODUCT_NAME = "$(TARGET_NAME)";
				PROVISIONING_PROFILE = "F9E0A0B2-F8DF-48A7-A0EE-466F815C782C";
				TARGETED_DEVICE_FAMILY = "1,2";
				WRAPPER_EXTENSION = app;
			};
			name = Debug;
		};
		25B424B11846542B004D606E /* Release */ = {
			isa = XCBuildConfiguration;
			buildSettings = {
				ASSETCATALOG_COMPILER_APPICON_NAME = AppIcon;
				ASSETCATALOG_COMPILER_LAUNCHIMAGE_NAME = LaunchImage;
				CODE_SIGN_IDENTITY = "iPhone Distribution";
				GCC_PRECOMPILE_PREFIX_HEADER = YES;
				GCC_PREFIX_HEADER = "DailyPhoto/DailyPhoto-Prefix.pch";
				INFOPLIST_FILE = "DailyPhoto/DailyPhoto-Info.plist";
				IPHONEOS_DEPLOYMENT_TARGET = 6.0;
				PRODUCT_NAME = "$(TARGET_NAME)";
				PROVISIONING_PROFILE = "F9E0A0B2-F8DF-48A7-A0EE-466F815C782C";
				TARGETED_DEVICE_FAMILY = "1,2";
				WRAPPER_EXTENSION = app;
			};
			name = Release;
		};
		25B424B31846542B004D606E /* Debug */ = {
			isa = XCBuildConfiguration;
			buildSettings = {
				ARCHS = "$(ARCHS_STANDARD_INCLUDING_64_BIT)";
				BUNDLE_LOADER = "$(BUILT_PRODUCTS_DIR)/DailyPhoto.app/DailyPhoto";
				FRAMEWORK_SEARCH_PATHS = (
					"$(SDKROOT)/Developer/Library/Frameworks",
					"$(inherited)",
					"$(DEVELOPER_FRAMEWORKS_DIR)",
				);
				GCC_PRECOMPILE_PREFIX_HEADER = YES;
				GCC_PREFIX_HEADER = "DailyPhoto/DailyPhoto-Prefix.pch";
				GCC_PREPROCESSOR_DEFINITIONS = (
					"DEBUG=1",
					"$(inherited)",
				);
				INFOPLIST_FILE = "DailyPhotoTests/DailyPhotoTests-Info.plist";
				PRODUCT_NAME = "$(TARGET_NAME)";
				TEST_HOST = "$(BUNDLE_LOADER)";
				WRAPPER_EXTENSION = xctest;
			};
			name = Debug;
		};
		25B424B41846542B004D606E /* Release */ = {
			isa = XCBuildConfiguration;
			buildSettings = {
				ARCHS = "$(ARCHS_STANDARD_INCLUDING_64_BIT)";
				BUNDLE_LOADER = "$(BUILT_PRODUCTS_DIR)/DailyPhoto.app/DailyPhoto";
				FRAMEWORK_SEARCH_PATHS = (
					"$(SDKROOT)/Developer/Library/Frameworks",
					"$(inherited)",
					"$(DEVELOPER_FRAMEWORKS_DIR)",
				);
				GCC_PRECOMPILE_PREFIX_HEADER = YES;
				GCC_PREFIX_HEADER = "DailyPhoto/DailyPhoto-Prefix.pch";
				INFOPLIST_FILE = "DailyPhotoTests/DailyPhotoTests-Info.plist";
				PRODUCT_NAME = "$(TARGET_NAME)";
				TEST_HOST = "$(BUNDLE_LOADER)";
				WRAPPER_EXTENSION = xctest;
			};
			name = Release;
		};
/* End XCBuildConfiguration section */

/* Begin XCConfigurationList section */
		25B4247E1846542B004D606E /* Build configuration list for PBXProject "DailyPhoto" */ = {
			isa = XCConfigurationList;
			buildConfigurations = (
				25B424AD1846542B004D606E /* Debug */,
				25B424AE1846542B004D606E /* Release */,
			);
			defaultConfigurationIsVisible = 0;
			defaultConfigurationName = Release;
		};
		25B424AF1846542B004D606E /* Build configuration list for PBXNativeTarget "DailyPhoto" */ = {
			isa = XCConfigurationList;
			buildConfigurations = (
				25B424B01846542B004D606E /* Debug */,
				25B424B11846542B004D606E /* Release */,
			);
			defaultConfigurationIsVisible = 0;
			defaultConfigurationName = Release;
		};
		25B424B21846542B004D606E /* Build configuration list for PBXNativeTarget "DailyPhotoTests" */ = {
			isa = XCConfigurationList;
			buildConfigurations = (
				25B424B31846542B004D606E /* Debug */,
				25B424B41846542B004D606E /* Release */,
			);
			defaultConfigurationIsVisible = 0;
			defaultConfigurationName = Release;
		};
/* End XCConfigurationList section */
	};
	rootObject = 25B4247B1846542B004D606E /* Project object */;
}
